
Microsoft Visual Studio Solution File, Format Version 12.00
# Visual Studio Version 16
VisualStudioVersion = 16.0.30503.244
MinimumVisualStudioVersion = 10.0.40219.1
Project("{FAE04EC0-301F-11D3-BF4B-00C04F79EFBC}") = "PluginSystem", "PluginSystem\PluginSystem.csproj", "{ED65450A-0000-429F-80E9-4CE5C2A5C496}"
EndProject
Project("{FAE04EC0-301F-11D3-BF4B-00C04F79EFBC}") = "NewPlugins1", "NewPlugins1\NewPlugins1.csproj", "{4C1DD217-F46B-4566-A3EE-1DAF7AF2C652}"
EndProject
Project("{FAE04EC0-301F-11D3-BF4B-00C04F79EFBC}") = "NewMainInterface", "NewMainInterface\NewMainInterface.csproj", "{6BB7D16B-065E-43C6-8E20-0434B52F27BB}"
EndProject
Global
	GlobalSection(SolutionConfigurationPlatforms) = preSolution
		Debug|Any CPU = Debug|Any CPU
		Release|Any CPU = Release|Any CPU
	EndGlobalSection
	GlobalSection(ProjectConfigurationPlatforms) = postSolution
		{ED65450A-0000-429F-80E9-4CE5C2A5C496}.Debug|Any CPU.ActiveCfg = Debug|Any CPU
		{ED65450A-0000-429F-80E9-4CE5C2A5C496}.Debug|Any CPU.Build.0 = Debug|Any CPU
		{ED65450A-0000-429F-80E9-4CE5C2A5C496}.Release|Any CPU.ActiveCfg = Release|Any CPU
		{ED65450A-0000-429F-80E9-4CE5C2A5C496}.Release|Any CPU.Build.0 = Release|Any CPU
		{4C1DD217-F46B-4566-A3EE-1DAF7AF2C652}.Debug|Any CPU.ActiveCfg = Debug|Any CPU
		{4C1DD217-F46B-4566-A3EE-1DAF7AF2C652}.Debug|Any CPU.Build.0 = Debug|Any CPU
		{4C1DD217-F46B-4566-A3EE-1DAF7AF2C652}.Release|Any CPU.ActiveCfg = Release|Any CPU
		{4C1DD217-F46B-4566-A3EE-1DAF7AF2C652}.Release|Any CPU.Build.0 = Release|Any CPU
		{6BB7D16B-065E-43C6-8E20-0434B52F27BB}.Debug|Any CPU.ActiveCfg = Debug|Any CPU
		{6BB7D16B-065E-43C6-8E20-0434B52F27BB}.Debug|Any CPU.Build.0 = Debug|Any CPU
		{6BB7D16B-065E-43C6-8E20-0434B52F27BB}.Release|Any CPU.ActiveCfg = Release|Any CPU
		{6BB7D16B-065E-43C6-8E20-0434B52F27BB}.Release|Any CPU.Build.0 = Release|Any CPU
	EndGlobalSection
	GlobalSection(SolutionProperties) = preSolution
		HideSolutionNode = FALSE
	EndGlobalSection
	GlobalSection(ExtensibilityGlobals) = postSolution
		SolutionGuid = {E9CD85B0-F92C-4268-B835-266B43A9FEE4}
	EndGlobalSection
EndGlobal
